// !$*UTF8*$!
{
	archiveVersion = 1;
	classes = {
	};
	objectVersion = 46;
	objects = {

/* Begin PBXBuildFile section */
		990E13741CEC647B00E7680A /* SecondViewController.m in Sources */ = {isa = PBXBuildFile; fileRef = 990E13731CEC647B00E7680A /* SecondViewController.m */; };
		9968B5D81CEC15270050CCB3 /* 返回High.png in Resources */ = {isa = PBXBuildFile; fileRef = 9968B5D71CEC15270050CCB3 /* 返回High.png */; };
		9968B5DA1CEC152C0050CCB3 /* 返回.png in Resources */ = {isa = PBXBuildFile; fileRef = 9968B5D91CEC152C0050CCB3 /* 返回.png */; };
		99DAA9351CED4C0A00BA641F /* QuartzCore.framework in Frameworks */ = {isa = PBXBuildFile; fileRef = 99DAA9341CED4C0A00BA641F /* QuartzCore.framework */; };
		99DF083C1CD83B21006331D0 /* main.m in Sources */ = {isa = PBXBuildFile; fileRef = 99DF083B1CD83B21006331D0 /* main.m */; };
		99DF083F1CD83B21006331D0 /* AppDelegate.m in Sources */ = {isa = PBXBuildFile; fileRef = 99DF083E1CD83B21006331D0 /* AppDelegate.m */; };
		99DF08421CD83B21006331D0 /* WKWebViewController.m in Sources */ = {isa = PBXBuildFile; fileRef = 99DF08411CD83B21006331D0 /* WKWebViewController.m */; };
		99DF08451CD83B21006331D0 /* Main.storyboard in Resources */ = {isa = PBXBuildFile; fileRef = 99DF08431CD83B21006331D0 /* Main.storyboard */; };
		99DF08471CD83B21006331D0 /* Assets.xcassets in Resources */ = {isa = PBXBuildFile; fileRef = 99DF08461CD83B21006331D0 /* Assets.xcassets */; };
		99DF084A1CD83B21006331D0 /* LaunchScreen.storyboard in Resources */ = {isa = PBXBuildFile; fileRef = 99DF08481CD83B21006331D0 /* LaunchScreen.storyboard */; };
/* End PBXBuildFile section */

/* Begin PBXFileReference section */
		990E13721CEC647B00E7680A /* SecondViewController.h */ = {isa = PBXFileReference; fileEncoding = 4; lastKnownFileType = sourcecode.c.h; path = SecondViewController.h; sourceTree = "<group>"; };
		990E13731CEC647B00E7680A /* SecondViewController.m */ = {isa = PBXFileReference; fileEncoding = 4; lastKnownFileType = sourcecode.c.objc; path = SecondViewController.m; sourceTree = "<group>"; };
		9968B5D71CEC15270050CCB3 /* 返回High.png */ = {isa = PBXFileReference; lastKnownFileType = image.png; path = "返回High.png"; sourceTree = "<group>"; };
		9968B5D91CEC152C0050CCB3 /* 返回.png */ = {isa = PBXFileReference; lastKnownFileType = image.png; path = "返回.png"; sourceTree = "<group>"; };
		99DAA9341CED4C0A00BA641F /* QuartzCore.framework */ = {isa = PBXFileReference; lastKnownFileType = wrapper.framework; name = QuartzCore.framework; path = System/Library/Frameworks/QuartzCore.framework; sourceTree = SDKROOT; };
		99DF08371CD83B21006331D0 /* 51besttea.app */ = {isa = PBXFileReference; explicitFileType = wrapper.application; includeInIndex = 0; path = 51besttea.app; sourceTree = BUILT_PRODUCTS_DIR; };
		99DF083B1CD83B21006331D0 /* main.m */ = {isa = PBXFileReference; lastKnownFileType = sourcecode.c.objc; path = main.m; sourceTree = "<group>"; };
		99DF083D1CD83B21006331D0 /* AppDelegate.h */ = {isa = PBXFileReference; lastKnownFileType = sourcecode.c.h; path = AppDelegate.h; sourceTree = "<group>"; };
		99DF083E1CD83B21006331D0 /* AppDelegate.m */ = {isa = PBXFileReference; lastKnownFileType = sourcecode.c.objc; path = AppDelegate.m; sourceTree = "<group>"; };
		99DF08401CD83B21006331D0 /* WKWebViewController.h */ = {isa = PBXFileReference; lastKnownFileType = sourcecode.c.h; path = WKWebViewController.h; sourceTree = "<group>"; };
		99DF08411CD83B21006331D0 /* WKWebViewController.m */ = {isa = PBXFileReference; lastKnownFileType = sourcecode.c.objc; path = WKWebViewController.m; sourceTree = "<group>"; };
		99DF08441CD83B21006331D0 /* Base */ = {isa = PBXFileReference; lastKnownFileType = file.storyboard; name = Base; path = Base.lproj/Main.storyboard; sourceTree = "<group>"; };
		99DF08461CD83B21006331D0 /* Assets.xcassets */ = {isa = PBXFileReference; lastKnownFileType = folder.assetcatalog; path = Assets.xcassets; sourceTree = "<group>"; };
		99DF08491CD83B21006331D0 /* Base */ = {isa = PBXFileReference; lastKnownFileType = file.storyboard; name = Base; path = Base.lproj/LaunchScreen.storyboard; sourceTree = "<group>"; };
		99DF084B1CD83B21006331D0 /* Info.plist */ = {isa = PBXFileReference; lastKnownFileType = text.plist.xml; path = Info.plist; sourceTree = "<group>"; };
/* End PBXFileReference section */

/* Begin PBXFrameworksBuildPhase section */
		99DF08341CD83B21006331D0 /* Frameworks */ = {
			isa = PBXFrameworksBuildPhase;
			buildActionMask = 2147483647;
			files = (
				99DAA9351CED4C0A00BA641F /* QuartzCore.framework in Frameworks */,
			);
			runOnlyForDeploymentPostprocessing = 0;
		};
/* End PBXFrameworksBuildPhase section */

/* Begin PBXGroup section */
		99DF082E1CD83B21006331D0 = {
			isa = PBXGroup;
			children = (
				99DAA9341CED4C0A00BA641F /* QuartzCore.framework */,
				990E13721CEC647B00E7680A /* SecondViewController.h */,
				990E13731CEC647B00E7680A /* SecondViewController.m */,
				99DF08391CD83B21006331D0 /* 51besttea */,
				99DF08381CD83B21006331D0 /* Products */,
			);
			sourceTree = "<group>";
		};
		99DF08381CD83B21006331D0 /* Products */ = {
			isa = PBXGroup;
			children = (
				99DF08371CD83B21006331D0 /* 51besttea.app */,
			);
			name = Products;
			sourceTree = "<group>";
		};
		99DF08391CD83B21006331D0 /* 51besttea */ = {
			isa = PBXGroup;
			children = (
				9968B5D91CEC152C0050CCB3 /* 返回.png */,
				9968B5D71CEC15270050CCB3 /* 返回High.png */,
				99DF083D1CD83B21006331D0 /* AppDelegate.h */,
				99DF083E1CD83B21006331D0 /* AppDelegate.m */,
				99DF08401CD83B21006331D0 /* WKWebViewController.h */,
				99DF08411CD83B21006331D0 /* WKWebViewController.m */,
				99DF08431CD83B21006331D0 /* Main.storyboard */,
				99DF08461CD83B21006331D0 /* Assets.xcassets */,
				99DF08481CD83B21006331D0 /* LaunchScreen.storyboard */,
				99DF084B1CD83B21006331D0 /* Info.plist */,
				99DF083A1CD83B21006331D0 /* Supporting Files */,
			);
			name = 51besttea;
			path = WebView;
			sourceTree = "<group>";
		};
		99DF083A1CD83B21006331D0 /* Supporting Files */ = {
			isa = PBXGroup;
			children = (
				99DF083B1CD83B21006331D0 /* main.m */,
			);
			name = "Supporting Files";
			sourceTree = "<group>";
		};
/* End PBXGroup section */

/* Begin PBXNativeTarget section */
		99DF08361CD83B21006331D0 /* 51besttea */ = {
			isa = PBXNativeTarget;
			buildConfigurationList = 99DF084E1CD83B21006331D0 /* Build configuration list for PBXNativeTarget "51besttea" */;
			buildPhases = (
				99DF08331CD83B21006331D0 /* Sources */,
				99DF08341CD83B21006331D0 /* Frameworks */,
				99DF08351CD83B21006331D0 /* Resources */,
			);
			buildRules = (
			);
			dependencies = (
			);
			name = 51besttea;
			productName = WebView;
			productReference = 99DF08371CD83B21006331D0 /* 51besttea.app */;
			productType = "com.apple.product-type.application";
		};
/* End PBXNativeTarget section */

/* Begin PBXProject section */
		99DF082F1CD83B21006331D0 /* Project object */ = {
			isa = PBXProject;
			attributes = {
				LastUpgradeCheck = 0730;
				ORGANIZATIONNAME = zgq;
				TargetAttributes = {
					99DF08361CD83B21006331D0 = {
						CreatedOnToolsVersion = 7.3;
						DevelopmentTeam = 4332C8S26Y;
					};
				};
			};
			buildConfigurationList = 99DF08321CD83B21006331D0 /* Build configuration list for PBXProject "51besttea" */;
			compatibilityVersion = "Xcode 3.2";
			developmentRegion = English;
			hasScannedForEncodings = 0;
			knownRegions = (
				en,
				Base,
			);
			mainGroup = 99DF082E1CD83B21006331D0;
			productRefGroup = 99DF08381CD83B21006331D0 /* Products */;
			projectDirPath = "";
			projectRoot = "";
			targets = (
				99DF08361CD83B21006331D0 /* 51besttea */,
			);
		};
/* End PBXProject section */

/* Begin PBXResourcesBuildPhase section */
		99DF08351CD83B21006331D0 /* Resources */ = {
			isa = PBXResourcesBuildPhase;
			buildActionMask = 2147483647;
			files = (
				9968B5DA1CEC152C0050CCB3 /* 返回.png in Resources */,
				99DF084A1CD83B21006331D0 /* LaunchScreen.storyboard in Resources */,
				99DF08471CD83B21006331D0 /* Assets.xcassets in Resources */,
				99DF08451CD83B21006331D0 /* Main.storyboard in Resources */,
				9968B5D81CEC15270050CCB3 /* 返回High.png in Resources */,
			);
			runOnlyForDeploymentPostprocessing = 0;
		};
/* End PBXResourcesBuildPhase section */

/* Begin PBXSourcesBuildPhase section */
		99DF08331CD83B21006331D0 /* Sources */ = {
			isa = PBXSourcesBuildPhase;
			buildActionMask = 2147483647;
			files = (
				990E13741CEC647B00E7680A /* SecondViewController.m in Sources */,
				99DF08421CD83B21006331D0 /* WKWebViewController.m in Sources */,
				99DF083F1CD83B21006331D0 /* AppDelegate.m in Sources */,
				99DF083C1CD83B21006331D0 /* main.m in Sources */,
			);
			runOnlyForDeploymentPostprocessing = 0;
		};
/* End PBXSourcesBuildPhase section */

/* Begin PBXVariantGroup section */
		99DF08431CD83B21006331D0 /* Main.storyboard */ = {
			isa = PBXVariantGroup;
			children = (
				99DF08441CD83B21006331D0 /* Base */,
			);
			name = Main.storyboard;
			sourceTree = "<group>";
		};
		99DF08481CD83B21006331D0 /* LaunchScreen.storyboard */ = {
			isa = PBXVariantGroup;
			children = (
				99DF08491CD83B21006331D0 /* Base */,
			);
			name = LaunchScreen.storyboard;
			sourceTree = "<group>";
		};
/* End PBXVariantGroup section */

/* Begin XCBuildConfiguration section */
		99DF084C1CD83B21006331D0 /* Debug */ = {
			isa = XCBuildConfiguration;
			buildSettings = {
				ALWAYS_SEARCH_USER_PATHS = NO;
				CLANG_ANALYZER_NONNULL = YES;
				CLANG_CXX_LANGUAGE_STANDARD = "gnu++0x";
				CLANG_CXX_LIBRARY = "libc++";
				CLANG_ENABLE_MODULES = YES;
				CLANG_ENABLE_OBJC_ARC = YES;
				CLANG_WARN_BOOL_CONVERSION = YES;
				CLANG_WARN_CONSTANT_CONVERSION = YES;
				CLANG_WARN_DIRECT_OBJC_ISA_USAGE = YES_ERROR;
				CLANG_WARN_EMPTY_BODY = YES;
				CLANG_WARN_ENUM_CONVERSION = YES;
				CLANG_WARN_INT_CONVERSION = YES;
				CLANG_WARN_OBJC_ROOT_CLASS = YES_ERROR;
				CLANG_WARN_UNREACHABLE_CODE = YES;
				CLANG_WARN__DUPLICATE_METHOD_MATCH = YES;
				"CODE_SIGN_IDENTITY[sdk=iphoneos*]" = "iPhone Developer";
				COPY_PHASE_STRIP = NO;
				DEBUG_INFORMATION_FORMAT = dwarf;
				ENABLE_STRICT_OBJC_MSGSEND = YES;
				ENABLE_TESTABILITY = YES;
				GCC_C_LANGUAGE_STANDARD = gnu99;
				GCC_DYNAMIC_NO_PIC = NO;
				GCC_NO_COMMON_BLOCKS = YES;
				GCC_OPTIMIZATION_LEVEL = 0;
				GCC_PREPROCESSOR_DEFINITIONS = (
					"DEBUG=1",
					"$(inherited)",
				);
				GCC_WARN_64_TO_32_BIT_CONVERSION = YES;
				GCC_WARN_ABOUT_RETURN_TYPE = YES_ERROR;
				GCC_WARN_UNDECLARED_SELECTOR = YES;
				GCC_WARN_UNINITIALIZED_AUTOS = YES_AGGRESSIVE;
				GCC_WARN_UNUSED_FUNCTION = YES;
				GCC_WARN_UNUSED_VARIABLE = YES;
				IPHONEOS_DEPLOYMENT_TARGET = 9.3;
				MTL_ENABLE_DEBUG_INFO = YES;
				ONLY_ACTIVE_ARCH = YES;
				SDKROOT = iphoneos;
				TARGETED_DEVICE_FAMILY = "1,2";
			};
			name = Debug;
		};
		99DF084D1CD83B21006331D0 /* Release */ = {
			isa = XCBuildConfiguration;
			buildSettings = {
				ALWAYS_SEARCH_USER_PATHS = NO;
				CLANG_ANALYZER_NONNULL = YES;
				CLANG_CXX_LANGUAGE_STANDARD = "gnu++0x";
				CLANG_CXX_LIBRARY = "libc++";
				CLANG_ENABLE_MODULES = YES;
				CLANG_ENABLE_OBJC_ARC = YES;
				CLANG_WARN_BOOL_CONVERSION = YES;
				CLANG_WARN_CONSTANT_CONVERSION = YES;
				CLANG_WARN_DIRECT_OBJC_ISA_USAGE = YES_ERROR;
				CLANG_WARN_EMPTY_BODY = YES;
				CLANG_WARN_ENUM_CONVERSION = YES;
				CLANG_WARN_INT_CONVERSION = YES;
				CLANG_WARN_OBJC_ROOT_CLASS = YES_ERROR;
				CLANG_WARN_UNREACHABLE_CODE = YES;
				CLANG_WARN__DUPLICATE_METHOD_MATCH = YES;
				"CODE_SIGN_IDENTITY[sdk=iphoneos*]" = "iPhone Developer";
				COPY_PHASE_STRIP = NO;
				DEBUG_INFORMATION_FORMAT = "dwarf-with-dsym";
				ENABLE_NS_ASSERTIONS = NO;
				ENABLE_STRICT_OBJC_MSGSEND = YES;
				GCC_C_LANGUAGE_STANDARD = gnu99;
				GCC_NO_COMMON_BLOCKS = YES;
				GCC_WARN_64_TO_32_BIT_CONVERSION = YES;
				GCC_WARN_ABOUT_RETURN_TYPE = YES_ERROR;
				GCC_WARN_UNDECLARED_SELECTOR = YES;
				GCC_WARN_UNINITIALIZED_AUTOS = YES_AGGRESSIVE;
				GCC_WARN_UNUSED_FUNCTION = YES;
				GCC_WARN_UNUSED_VARIABLE = YES;
				IPHONEOS_DEPLOYMENT_TARGET = 9.3;
				MTL_ENABLE_DEBUG_INFO = NO;
				SDKROOT = iphoneos;
				TARGETED_DEVICE_FAMILY = "1,2";
				VALIDATE_PRODUCT = YES;
			};
			name = Release;
		};
		99DF084F1CD83B21006331D0 /* Debug */ = {
			isa = XCBuildConfiguration;
			buildSettings = {
				ASSETCATALOG_COMPILER_APPICON_NAME = AppIcon;
				CODE_SIGN_IDENTITY = "";
				"CODE_SIGN_IDENTITY[sdk=iphoneos*]" = "";
				INFOPLIST_FILE = WebView/Info.plist;
				LD_RUNPATH_SEARCH_PATHS = "$(inherited) @executable_path/Frameworks";
				PRODUCT_BUNDLE_IDENTIFIER = com.51besttea.ds;
				PRODUCT_NAME = 51besttea;
				PROVISIONING_PROFILE = "0f5ecd11-c8bd-4e84-a290-aa673fa0572e";
			};
			name = Debug;
		};
		99DF08501CD83B21006331D0 /* Release */ = {
			isa = XCBuildConfiguration;
			buildSettings = {
				ASSETCATALOG_COMPILER_APPICON_NAME = AppIcon;
				CODE_SIGN_IDENTITY = "iPhone Distribution: gaoqiang zhang (4332C8S26Y)";
				"CODE_SIGN_IDENTITY[sdk=iphoneos*]" = "iPhone Distribution: gaoqiang zhang (4332C8S26Y)";
				INFOPLIST_FILE = WebView/Info.plist;
				LD_RUNPATH_SEARCH_PATHS = "$(inherited) @executable_path/Frameworks";
				PRODUCT_BUNDLE_IDENTIFIER = com.51besttea.ds;
				PRODUCT_NAME = 51besttea;
				PROVISIONING_PROFILE = "0f5ecd11-c8bd-4e84-a290-aa673fa0572e";
			};
			name = Release;
		};
		99F336FF1CEAC26300461160 /* ad hoc distribution */ = {
			isa = XCBuildConfiguration;
			buildSettings = {
				ALWAYS_SEARCH_USER_PATHS = NO;
				CLANG_ANALYZER_NONNULL = YES;
				CLANG_CXX_LANGUAGE_STANDARD = "gnu++0x";
				CLANG_CXX_LIBRARY = "libc++";
				CLANG_ENABLE_MODULES = YES;
				CLANG_ENABLE_OBJC_ARC = YES;
				CLANG_WARN_BOOL_CONVERSION = YES;
				CLANG_WARN_CONSTANT_CONVERSION = YES;
				CLANG_WARN_DIRECT_OBJC_ISA_USAGE = YES_ERROR;
				CLANG_WARN_EMPTY_BODY = YES;
				CLANG_WARN_ENUM_CONVERSION = YES;
				CLANG_WARN_INT_CONVERSION = YES;
				CLANG_WARN_OBJC_ROOT_CLASS = YES_ERROR;
				CLANG_WARN_UNREACHABLE_CODE = YES;
				CLANG_WARN__DUPLICATE_METHOD_MATCH = YES;
				"CODE_SIGN_IDENTITY[sdk=iphoneos*]" = "iPhone Developer";
				COPY_PHASE_STRIP = NO;
				DEBUG_INFORMATION_FORMAT = "dwarf-with-dsym";
				ENABLE_NS_ASSERTIONS = NO;
				ENABLE_STRICT_OBJC_MSGSEND = YES;
				GCC_C_LANGUAGE_STANDARD = gnu99;
				GCC_NO_COMMON_BLOCKS = YES;
				GCC_WARN_64_TO_32_BIT_CONVERSION = YES;
				GCC_WARN_ABOUT_RETURN_TYPE = YES_ERROR;
				GCC_WARN_UNDECLARED_SELECTOR = YES;
				GCC_WARN_UNINITIALIZED_AUTOS = YES_AGGRESSIVE;
				GCC_WARN_UNUSED_FUNCTION = YES;
				GCC_WARN_UNUSED_VARIABLE = YES;
				IPHONEOS_DEPLOYMENT_TARGET = 9.3;
				MTL_ENABLE_DEBUG_INFO = NO;
				SDKROOT = iphoneos;
				TARGETED_DEVICE_FAMILY = "1,2";
				VALIDATE_PRODUCT = YES;
			};
			name = "ad hoc distribution";
		};
		99F337001CEAC26300461160 /* ad hoc distribution */ = {
			isa = XCBuildConfiguration;
			buildSettings = {
				ASSETCATALOG_COMPILER_APPICON_NAME = AppIcon;
				CODE_SIGN_IDENTITY = "iPhone Distribution: gaoqiang zhang (4332C8S26Y)";
				"CODE_SIGN_IDENTITY[sdk=iphoneos*]" = "iPhone Distribution: gaoqiang zhang (4332C8S26Y)";
				INFOPLIST_FILE = WebView/Info.plist;
				LD_RUNPATH_SEARCH_PATHS = "$(inherited) @executable_path/Frameworks";
				PRODUCT_BUNDLE_IDENTIFIER = com.51besttea.ds;
				PRODUCT_NAME = 51besttea;
				PROVISIONING_PROFILE = "0f5ecd11-c8bd-4e84-a290-aa673fa0572e";
			};
			name = "ad hoc distribution";
		};
/* End XCBuildConfiguration section */

/* Begin XCConfigurationList section */
		99DF08321CD83B21006331D0 /* Build configuration list for PBXProject "51besttea" */ = {
			isa = XCConfigurationList;
			buildConfigurations = (
				99DF084C1CD83B21006331D0 /* Debug */,
				99DF084D1CD83B21006331D0 /* Release */,
				99F336FF1CEAC26300461160 /* ad hoc distribution */,
			);
			defaultConfigurationIsVisible = 0;
			defaultConfigurationName = Release;
		};
		99DF084E1CD83B21006331D0 /* Build configuration list for PBXNativeTarget "51besttea" */ = {
			isa = XCConfigurationList;
			buildConfigurations = (
				99DF084F1CD83B21006331D0 /* Debug */,
				99DF08501CD83B21006331D0 /* Release */,
				99F337001CEAC26300461160 /* ad hoc distribution */,
			);
			defaultConfigurationIsVisible = 0;
			defaultConfigurationName = Release;
		};
/* End XCConfigurationList section */
	};
	rootObject = 99DF082F1CD83B21006331D0 /* Project object */;
}
